// !$*UTF8*$!
{
	archiveVersion = 1;
	classes = {
	};
	objectVersion = 50;
	objects = {

/* Begin PBXBuildFile section */
		130BED862461725A006DB125 /* main.c in Sources */ = {isa = PBXBuildFile; fileRef = 130BED852461725A006DB125 /* main.c */; };
		130BED942461C204006DB125 /* InputBuffer.c in Sources */ = {isa = PBXBuildFile; fileRef = 130BED932461C204006DB125 /* InputBuffer.c */; };
		130BED972461C3A6006DB125 /* Row.c in Sources */ = {isa = PBXBuildFile; fileRef = 130BED962461C3A6006DB125 /* Row.c */; };
		130BED9A2461C462006DB125 /* Table.c in Sources */ = {isa = PBXBuildFile; fileRef = 130BED992461C462006DB125 /* Table.c */; };
		135D9AF42462DF3A0034893D /* MetaCommand.c in Sources */ = {isa = PBXBuildFile; fileRef = 135D9AF32462DF3A0034893D /* MetaCommand.c */; };
		135D9AF72462E0330034893D /* Statement.c in Sources */ = {isa = PBXBuildFile; fileRef = 135D9AF62462E0330034893D /* Statement.c */; };
/* End PBXBuildFile section */

/* Begin PBXCopyFilesBuildPhase section */
		130BED802461725A006DB125 /* CopyFiles */ = {
			isa = PBXCopyFilesBuildPhase;
			buildActionMask = 2147483647;
			dstPath = /usr/share/man/man1/;
			dstSubfolderSpec = 0;
			files = (
			);
			runOnlyForDeploymentPostprocessing = 1;
		};
/* End PBXCopyFilesBuildPhase section */

/* Begin PBXFileReference section */
		130BED822461725A006DB125 /* SimpleDatabase */ = {isa = PBXFileReference; explicitFileType = "compiled.mach-o.executable"; includeInIndex = 0; path = SimpleDatabase; sourceTree = BUILT_PRODUCTS_DIR; };
		130BED852461725A006DB125 /* main.c */ = {isa = PBXFileReference; lastKnownFileType = sourcecode.c.c; path = main.c; sourceTree = "<group>"; };
		130BED922461C204006DB125 /* InputBuffer.h */ = {isa = PBXFileReference; lastKnownFileType = sourcecode.c.h; path = InputBuffer.h; sourceTree = "<group>"; };
		130BED932461C204006DB125 /* InputBuffer.c */ = {isa = PBXFileReference; lastKnownFileType = sourcecode.c.c; path = InputBuffer.c; sourceTree = "<group>"; };
		130BED952461C3A6006DB125 /* Row.h */ = {isa = PBXFileReference; lastKnownFileType = sourcecode.c.h; path = Row.h; sourceTree = "<group>"; };
		130BED962461C3A6006DB125 /* Row.c */ = {isa = PBXFileReference; lastKnownFileType = sourcecode.c.c; path = Row.c; sourceTree = "<group>"; };
		130BED982461C462006DB125 /* Table.h */ = {isa = PBXFileReference; lastKnownFileType = sourcecode.c.h; path = Table.h; sourceTree = "<group>"; };
		130BED992461C462006DB125 /* Table.c */ = {isa = PBXFileReference; lastKnownFileType = sourcecode.c.c; path = Table.c; sourceTree = "<group>"; };
		135D9AF22462DF3A0034893D /* MetaCommand.h */ = {isa = PBXFileReference; lastKnownFileType = sourcecode.c.h; path = MetaCommand.h; sourceTree = "<group>"; };
		135D9AF32462DF3A0034893D /* MetaCommand.c */ = {isa = PBXFileReference; lastKnownFileType = sourcecode.c.c; path = MetaCommand.c; sourceTree = "<group>"; };
		135D9AF52462E0330034893D /* Statement.h */ = {isa = PBXFileReference; lastKnownFileType = sourcecode.c.h; path = Statement.h; sourceTree = "<group>"; };
		135D9AF62462E0330034893D /* Statement.c */ = {isa = PBXFileReference; lastKnownFileType = sourcecode.c.c; path = Statement.c; sourceTree = "<group>"; };
/* End PBXFileReference section */

/* Begin PBXFrameworksBuildPhase section */
		130BED7F2461725A006DB125 /* Frameworks */ = {
			isa = PBXFrameworksBuildPhase;
			buildActionMask = 2147483647;
			files = (
			);
			runOnlyForDeploymentPostprocessing = 0;
		};
/* End PBXFrameworksBuildPhase section */

/* Begin PBXGroup section */
		130BED792461725A006DB125 = {
			isa = PBXGroup;
			children = (
				130BED842461725A006DB125 /* SimpleDatabase */,
				130BED832461725A006DB125 /* Products */,
			);
			sourceTree = "<group>";
		};
		130BED832461725A006DB125 /* Products */ = {
			isa = PBXGroup;
			children = (
				130BED822461725A006DB125 /* SimpleDatabase */,
			);
			name = Products;
			sourceTree = "<group>";
		};
		130BED842461725A006DB125 /* SimpleDatabase */ = {
			isa = PBXGroup;
			children = (
				130BED852461725A006DB125 /* main.c */,
				130BED922461C204006DB125 /* InputBuffer.h */,
				130BED932461C204006DB125 /* InputBuffer.c */,
				130BED952461C3A6006DB125 /* Row.h */,
				130BED962461C3A6006DB125 /* Row.c */,
				130BED982461C462006DB125 /* Table.h */,
				130BED992461C462006DB125 /* Table.c */,
				135D9AF22462DF3A0034893D /* MetaCommand.h */,
				135D9AF32462DF3A0034893D /* MetaCommand.c */,
				135D9AF52462E0330034893D /* Statement.h */,
				135D9AF62462E0330034893D /* Statement.c */,
			);
			path = SimpleDatabase;
			sourceTree = "<group>";
		};
/* End PBXGroup section */

/* Begin PBXNativeTarget section */
		130BED812461725A006DB125 /* SimpleDatabase */ = {
			isa = PBXNativeTarget;
			buildConfigurationList = 130BED892461725A006DB125 /* Build configuration list for PBXNativeTarget "SimpleDatabase" */;
			buildPhases = (
				130BED7E2461725A006DB125 /* Sources */,
				130BED7F2461725A006DB125 /* Frameworks */,
				130BED802461725A006DB125 /* CopyFiles */,
			);
			buildRules = (
			);
			dependencies = (
			);
			name = SimpleDatabase;
			productName = SimpleDatabase;
			productReference = 130BED822461725A006DB125 /* SimpleDatabase */;
			productType = "com.apple.product-type.tool";
		};
/* End PBXNativeTarget section */

/* Begin PBXProject section */
		130BED7A2461725A006DB125 /* Project object */ = {
			isa = PBXProject;
			attributes = {
				LastUpgradeCheck = 1140;
				ORGANIZATIONNAME = "Chao Gu";
				TargetAttributes = {
					130BED812461725A006DB125 = {
						CreatedOnToolsVersion = 11.4.1;
					};
				};
			};
			buildConfigurationList = 130BED7D2461725A006DB125 /* Build configuration list for PBXProject "SimpleDatabase" */;
			compatibilityVersion = "Xcode 9.3";
			developmentRegion = en;
			hasScannedForEncodings = 0;
			knownRegions = (
				en,
				Base,
			);
			mainGroup = 130BED792461725A006DB125;
			productRefGroup = 130BED832461725A006DB125 /* Products */;
			projectDirPath = "";
			projectRoot = "";
			targets = (
				130BED812461725A006DB125 /* SimpleDatabase */,
			);
		};
/* End PBXProject section */

/* Begin PBXSourcesBuildPhase section */
		130BED7E2461725A006DB125 /* Sources */ = {
			isa = PBXSourcesBuildPhase;
			buildActionMask = 2147483647;
			files = (
				130BED9A2461C462006DB125 /* Table.c in Sources */,
				135D9AF42462DF3A0034893D /* MetaCommand.c in Sources */,
				130BED972461C3A6006DB125 /* Row.c in Sources */,
				130BED942461C204006DB125 /* InputBuffer.c in Sources */,
				130BED862461725A006DB125 /* main.c in Sources */,
				135D9AF72462E0330034893D /* Statement.c in Sources */,
			);
			runOnlyForDeploymentPostprocessing = 0;
		};
/* End PBXSourcesBuildPhase section */

/* Begin XCBuildConfiguration section */
		130BED872461725A006DB125 /* Debug */ = {
			isa = XCBuildConfiguration;
			buildSettings = {
				ALWAYS_SEARCH_USER_PATHS = NO;
				CLANG_ANALYZER_NONNULL = YES;
				CLANG_ANALYZER_NUMBER_OBJECT_CONVERSION = YES_AGGRESSIVE;
				CLANG_CXX_LANGUAGE_STANDARD = "gnu++14";
				CLANG_CXX_LIBRARY = "libc++";
				CLANG_ENABLE_MODULES = YES;
				CLANG_ENABLE_OBJC_ARC = YES;
				CLANG_ENABLE_OBJC_WEAK = YES;
				CLANG_WARN_BLOCK_CAPTURE_AUTORELEASING = YES;
				CLANG_WARN_BOOL_CONVERSION = YES;
				CLANG_WARN_COMMA = YES;
				CLANG_WARN_CONSTANT_CONVERSION = YES;
				CLANG_WARN_DEPRECATED_OBJC_IMPLEMENTATIONS = YES;
				CLANG_WARN_DIRECT_OBJC_ISA_USAGE = YES_ERROR;
				CLANG_WARN_DOCUMENTATION_COMMENTS = YES;
				CLANG_WARN_EMPTY_BODY = YES;
				CLANG_WARN_ENUM_CONVERSION = YES;
				CLANG_WARN_INFINITE_RECURSION = YES;
				CLANG_WARN_INT_CONVERSION = YES;
				CLANG_WARN_NON_LITERAL_NULL_CONVERSION = YES;
				CLANG_WARN_OBJC_IMPLICIT_RETAIN_SELF = YES;
				CLANG_WARN_OBJC_LITERAL_CONVERSION = YES;
				CLANG_WARN_OBJC_ROOT_CLASS = YES_ERROR;
				CLANG_WARN_RANGE_LOOP_ANALYSIS = YES;
				CLANG_WARN_STRICT_PROTOTYPES = YES;
				CLANG_WARN_SUSPICIOUS_MOVE = YES;
				CLANG_WARN_UNGUARDED_AVAILABILITY = YES_AGGRESSIVE;
				CLANG_WARN_UNREACHABLE_CODE = YES;
				CLANG_WARN__DUPLICATE_METHOD_MATCH = YES;
				COPY_PHASE_STRIP = NO;
				DEBUG_INFORMATION_FORMAT = dwarf;
				ENABLE_STRICT_OBJC_MSGSEND = YES;
				ENABLE_TESTABILITY = YES;
				GCC_C_LANGUAGE_STANDARD = gnu11;
				GCC_DYNAMIC_NO_PIC = NO;
				GCC_NO_COMMON_BLOCKS = YES;
				GCC_OPTIMIZATION_LEVEL = 0;
				GCC_PREPROCESSOR_DEFINITIONS = (
					"DEBUG=1",
					"$(inherited)",
				);
				GCC_WARN_64_TO_32_BIT_CONVERSION = YES;
				GCC_WARN_ABOUT_RETURN_TYPE = YES_ERROR;
				GCC_WARN_UNDECLARED_SELECTOR = YES;
				GCC_WARN_UNINITIALIZED_AUTOS = YES_AGGRESSIVE;
				GCC_WARN_UNUSED_FUNCTION = YES;
				GCC_WARN_UNUSED_VARIABLE = YES;
				MACOSX_DEPLOYMENT_TARGET = 10.15;
				MTL_ENABLE_DEBUG_INFO = INCLUDE_SOURCE;
				MTL_FAST_MATH = YES;
				ONLY_ACTIVE_ARCH = YES;
				SDKROOT = macosx;
			};
			name = Debug;
		};
		130BED882461725A006DB125 /* Release */ = {
			isa = XCBuildConfiguration;
			buildSettings = {
				ALWAYS_SEARCH_USER_PATHS = NO;
				CLANG_ANALYZER_NONNULL = YES;
				CLANG_ANALYZER_NUMBER_OBJECT_CONVERSION = YES_AGGRESSIVE;
				CLANG_CXX_LANGUAGE_STANDARD = "gnu++14";
				CLANG_CXX_LIBRARY = "libc++";
				CLANG_ENABLE_MODULES = YES;
				CLANG_ENABLE_OBJC_ARC = YES;
				CLANG_ENABLE_OBJC_WEAK = YES;
				CLANG_WARN_BLOCK_CAPTURE_AUTORELEASING = YES;
				CLANG_WARN_BOOL_CONVERSION = YES;
				CLANG_WARN_COMMA = YES;
				CLANG_WARN_CONSTANT_CONVERSION = YES;
				CLANG_WARN_DEPRECATED_OBJC_IMPLEMENTATIONS = YES;
				CLANG_WARN_DIRECT_OBJC_ISA_USAGE = YES_ERROR;
				CLANG_WARN_DOCUMENTATION_COMMENTS = YES;
				CLANG_WARN_EMPTY_BODY = YES;
				CLANG_WARN_ENUM_CONVERSION = YES;
				CLANG_WARN_INFINITE_RECURSION = YES;
				CLANG_WARN_INT_CONVERSION = YES;
				CLANG_WARN_NON_LITERAL_NULL_CONVERSION = YES;
				CLANG_WARN_OBJC_IMPLICIT_RETAIN_SELF = YES;
				CLANG_WARN_OBJC_LITERAL_CONVERSION = YES;
				CLANG_WARN_OBJC_ROOT_CLASS = YES_ERROR;
				CLANG_WARN_RANGE_LOOP_ANALYSIS = YES;
				CLANG_WARN_STRICT_PROTOTYPES = YES;
				CLANG_WARN_SUSPICIOUS_MOVE = YES;
				CLANG_WARN_UNGUARDED_AVAILABILITY = YES_AGGRESSIVE;
				CLANG_WARN_UNREACHABLE_CODE = YES;
				CLANG_WARN__DUPLICATE_METHOD_MATCH = YES;
				COPY_PHASE_STRIP = NO;
				DEBUG_INFORMATION_FORMAT = "dwarf-with-dsym";
				ENABLE_NS_ASSERTIONS = NO;
				ENABLE_STRICT_OBJC_MSGSEND = YES;
				GCC_C_LANGUAGE_STANDARD = gnu11;
				GCC_NO_COMMON_BLOCKS = YES;
				GCC_WARN_64_TO_32_BIT_CONVERSION = YES;
				GCC_WARN_ABOUT_RETURN_TYPE = YES_ERROR;
				GCC_WARN_UNDECLARED_SELECTOR = YES;
				GCC_WARN_UNINITIALIZED_AUTOS = YES_AGGRESSIVE;
				GCC_WARN_UNUSED_FUNCTION = YES;
				GCC_WARN_UNUSED_VARIABLE = YES;
				MACOSX_DEPLOYMENT_TARGET = 10.15;
				MTL_ENABLE_DEBUG_INFO = NO;
				MTL_FAST_MATH = YES;
				SDKROOT = macosx;
			};
			name = Release;
		};
		130BED8A2461725A006DB125 /* Debug */ = {
			isa = XCBuildConfiguration;
			buildSettings = {
				CODE_SIGN_STYLE = Automatic;
				PRODUCT_NAME = "$(TARGET_NAME)";
			};
			name = Debug;
		};
		130BED8B2461725A006DB125 /* Release */ = {
			isa = XCBuildConfiguration;
			buildSettings = {
				CODE_SIGN_STYLE = Automatic;
				PRODUCT_NAME = "$(TARGET_NAME)";
			};
			name = Release;
		};
/* End XCBuildConfiguration section */

/* Begin XCConfigurationList section */
		130BED7D2461725A006DB125 /* Build configuration list for PBXProject "SimpleDatabase" */ = {
			isa = XCConfigurationList;
			buildConfigurations = (
				130BED872461725A006DB125 /* Debug */,
				130BED882461725A006DB125 /* Release */,
			);
			defaultConfigurationIsVisible = 0;
			defaultConfigurationName = Release;
		};
		130BED892461725A006DB125 /* Build configuration list for PBXNativeTarget "SimpleDatabase" */ = {
			isa = XCConfigurationList;
			buildConfigurations = (
				130BED8A2461725A006DB125 /* Debug */,
				130BED8B2461725A006DB125 /* Release */,
			);
			defaultConfigurationIsVisible = 0;
			defaultConfigurationName = Release;
		};
/* End XCConfigurationList section */
	};
	rootObject = 130BED7A2461725A006DB125 /* Project object */;
}
